// !$*UTF8*$!
{
	archiveVersion = 1;
	classes = {
	};
	objectVersion = 46;
	objects = {

/* Begin PBXBuildFile section */
		FC1C577016BA49DB00D0F5B7 /* UIImageViewController.m in Sources */ = {isa = PBXBuildFile; fileRef = FC1C576E16BA49DB00D0F5B7 /* UIImageViewController.m */; };
		FC1C578616BA4F0000D0F5B7 /* QuartzCore.framework in Frameworks */ = {isa = PBXBuildFile; fileRef = FC1C578516BA4F0000D0F5B7 /* QuartzCore.framework */; };
		FC1C579E16BA843E00D0F5B7 /* FileUtil.m in Sources */ = {isa = PBXBuildFile; fileRef = FC1C579D16BA843E00D0F5B7 /* FileUtil.m */; };
		FC35483216DF5C6A009BAA68 /* NSObject+SBJson.m in Sources */ = {isa = PBXBuildFile; fileRef = FC35480516DF5C6A009BAA68 /* NSObject+SBJson.m */; };
		FC35483316DF5C6A009BAA68 /* NSString+SBJSON.m in Sources */ = {isa = PBXBuildFile; fileRef = FC35480716DF5C6A009BAA68 /* NSString+SBJSON.m */; };
		FC35483416DF5C6A009BAA68 /* SBJSON.m in Sources */ = {isa = PBXBuildFile; fileRef = FC35480916DF5C6A009BAA68 /* SBJSON.m */; };
		FC35483516DF5C6A009BAA68 /* SBJsonBase.m in Sources */ = {isa = PBXBuildFile; fileRef = FC35480B16DF5C6A009BAA68 /* SBJsonBase.m */; };
		FC35483616DF5C6A009BAA68 /* SBJsonParser.m in Sources */ = {isa = PBXBuildFile; fileRef = FC35480D16DF5C6A009BAA68 /* SBJsonParser.m */; };
		FC35483716DF5C6A009BAA68 /* SBJsonStreamParser.m in Sources */ = {isa = PBXBuildFile; fileRef = FC35480F16DF5C6A009BAA68 /* SBJsonStreamParser.m */; };
		FC35483816DF5C6A009BAA68 /* SBJsonStreamParserAccumulator.m in Sources */ = {isa = PBXBuildFile; fileRef = FC35481116DF5C6A009BAA68 /* SBJsonStreamParserAccumulator.m */; };
		FC35483916DF5C6A009BAA68 /* SBJsonStreamParserAdapter.m in Sources */ = {isa = PBXBuildFile; fileRef = FC35481316DF5C6A009BAA68 /* SBJsonStreamParserAdapter.m */; };
		FC35483A16DF5C6A009BAA68 /* SBJsonStreamParserState.m in Sources */ = {isa = PBXBuildFile; fileRef = FC35481516DF5C6A009BAA68 /* SBJsonStreamParserState.m */; };
		FC35483B16DF5C6A009BAA68 /* SBJsonStreamWriter.m in Sources */ = {isa = PBXBuildFile; fileRef = FC35481716DF5C6A009BAA68 /* SBJsonStreamWriter.m */; };
		FC35483C16DF5C6A009BAA68 /* SBJsonStreamWriterAccumulator.m in Sources */ = {isa = PBXBuildFile; fileRef = FC35481916DF5C6A009BAA68 /* SBJsonStreamWriterAccumulator.m */; };
		FC35483D16DF5C6A009BAA68 /* SBJsonStreamWriterState.m in Sources */ = {isa = PBXBuildFile; fileRef = FC35481B16DF5C6A009BAA68 /* SBJsonStreamWriterState.m */; };
		FC35483E16DF5C6A009BAA68 /* SBJsonTokeniser.m in Sources */ = {isa = PBXBuildFile; fileRef = FC35481D16DF5C6A009BAA68 /* SBJsonTokeniser.m */; };
		FC35483F16DF5C6A009BAA68 /* SBJsonUTF8Stream.m in Sources */ = {isa = PBXBuildFile; fileRef = FC35481F16DF5C6A009BAA68 /* SBJsonUTF8Stream.m */; };
		FC35484016DF5C6A009BAA68 /* SBJsonWriter.m in Sources */ = {isa = PBXBuildFile; fileRef = FC35482116DF5C6A009BAA68 /* SBJsonWriter.m */; };
		FC35484F16DF5F0B009BAA68 /* ParserWXH.m in Sources */ = {isa = PBXBuildFile; fileRef = FC35484E16DF5F0B009BAA68 /* ParserWXH.m */; };
		FC35485216DF5FBC009BAA68 /* ParserYY.m in Sources */ = {isa = PBXBuildFile; fileRef = FC35485116DF5FBC009BAA68 /* ParserYY.m */; };
		FC8EBDCB16E060A40089C155 /* PageTemplate.m in Sources */ = {isa = PBXBuildFile; fileRef = FC8EBDCA16E060A40089C155 /* PageTemplate.m */; };
		FC8EBDCF16E0988F0089C155 /* PagePool.m in Sources */ = {isa = PBXBuildFile; fileRef = FC8EBDCE16E0988F0089C155 /* PagePool.m */; };
		FC8EBDD316E0B82C0089C155 /* PageNet.m in Sources */ = {isa = PBXBuildFile; fileRef = FC8EBDD216E0B82C0089C155 /* PageNet.m */; };
		FCB3665916BA3A04001A3E7E /* UIKit.framework in Frameworks */ = {isa = PBXBuildFile; fileRef = FCB3665816BA3A04001A3E7E /* UIKit.framework */; };
		FCB3665B16BA3A04001A3E7E /* Foundation.framework in Frameworks */ = {isa = PBXBuildFile; fileRef = FCB3665A16BA3A04001A3E7E /* Foundation.framework */; };
		FCB3665D16BA3A04001A3E7E /* CoreGraphics.framework in Frameworks */ = {isa = PBXBuildFile; fileRef = FCB3665C16BA3A04001A3E7E /* CoreGraphics.framework */; };
		FCB3666316BA3A04001A3E7E /* InfoPlist.strings in Resources */ = {isa = PBXBuildFile; fileRef = FCB3666116BA3A04001A3E7E /* InfoPlist.strings */; };
		FCB3666516BA3A04001A3E7E /* main.m in Sources */ = {isa = PBXBuildFile; fileRef = FCB3666416BA3A04001A3E7E /* main.m */; };
		FCB3666916BA3A04001A3E7E /* AppDelegate.m in Sources */ = {isa = PBXBuildFile; fileRef = FCB3666816BA3A04001A3E7E /* AppDelegate.m */; };
		FCB3667716BA3A04001A3E7E /* SenTestingKit.framework in Frameworks */ = {isa = PBXBuildFile; fileRef = FCB3667616BA3A04001A3E7E /* SenTestingKit.framework */; };
		FCB3667816BA3A04001A3E7E /* UIKit.framework in Frameworks */ = {isa = PBXBuildFile; fileRef = FCB3665816BA3A04001A3E7E /* UIKit.framework */; };
		FCB3667916BA3A04001A3E7E /* Foundation.framework in Frameworks */ = {isa = PBXBuildFile; fileRef = FCB3665A16BA3A04001A3E7E /* Foundation.framework */; };
		FCB3670716BA3BB8001A3E7E /* ASIAuthenticationDialog.m in Sources */ = {isa = PBXBuildFile; fileRef = FCB3669316BA3BB7001A3E7E /* ASIAuthenticationDialog.m */; };
		FCB3670816BA3BB8001A3E7E /* ASIDataCompressor.m in Sources */ = {isa = PBXBuildFile; fileRef = FCB3669616BA3BB7001A3E7E /* ASIDataCompressor.m */; };
		FCB3670916BA3BB8001A3E7E /* ASIDataDecompressor.m in Sources */ = {isa = PBXBuildFile; fileRef = FCB3669816BA3BB7001A3E7E /* ASIDataDecompressor.m */; };
		FCB3670A16BA3BB8001A3E7E /* ASIDownloadCache.m in Sources */ = {isa = PBXBuildFile; fileRef = FCB3669A16BA3BB7001A3E7E /* ASIDownloadCache.m */; };
		FCB3670B16BA3BB8001A3E7E /* ASIFormDataRequest.m in Sources */ = {isa = PBXBuildFile; fileRef = FCB3669C16BA3BB7001A3E7E /* ASIFormDataRequest.m */; };
		FCB3670C16BA3BB8001A3E7E /* ASIHTTPRequest.m in Sources */ = {isa = PBXBuildFile; fileRef = FCB3669E16BA3BB7001A3E7E /* ASIHTTPRequest.m */; };
		FCB3670D16BA3BB8001A3E7E /* ASIInputStream.m in Sources */ = {isa = PBXBuildFile; fileRef = FCB366A216BA3BB7001A3E7E /* ASIInputStream.m */; };
		FCB3670E16BA3BB8001A3E7E /* ASINetworkQueue.m in Sources */ = {isa = PBXBuildFile; fileRef = FCB366A416BA3BB7001A3E7E /* ASINetworkQueue.m */; };
		FCB3670F16BA3BB8001A3E7E /* ASIWebPageRequest.m in Sources */ = {isa = PBXBuildFile; fileRef = FCB366A816BA3BB7001A3E7E /* ASIWebPageRequest.m */; };
		FCB3671716BA3BB8001A3E7E /* Reachability.m in Sources */ = {isa = PBXBuildFile; fileRef = FCB366BA16BA3BB7001A3E7E /* Reachability.m */; };
		FCB3672D16BA3BB8001A3E7E /* log.m in Sources */ = {isa = PBXBuildFile; fileRef = FCB366EB16BA3BB7001A3E7E /* log.m */; };
		FCB3672E16BA3BB8001A3E7E /* DeviceHardware.m in Sources */ = {isa = PBXBuildFile; fileRef = FCB366EE16BA3BB7001A3E7E /* DeviceHardware.m */; };
		FCB3672F16BA3BB8001A3E7E /* StreamUtil.cpp in Sources */ = {isa = PBXBuildFile; fileRef = FCB366EF16BA3BB7001A3E7E /* StreamUtil.cpp */; };
		FCB3673016BA3BB8001A3E7E /* UserInfoMgr.mm in Sources */ = {isa = PBXBuildFile; fileRef = FCB366F216BA3BB7001A3E7E /* UserInfoMgr.mm */; };
		FCB3673216BA3BB8001A3E7E /* Default-568h@2x.png in Resources */ = {isa = PBXBuildFile; fileRef = FCB366F716BA3BB7001A3E7E /* Default-568h@2x.png */; };
		FCB3673316BA3BB8001A3E7E /* Default.png in Resources */ = {isa = PBXBuildFile; fileRef = FCB366F816BA3BB7001A3E7E /* Default.png */; };
		FCB3673416BA3BB8001A3E7E /* Default@2x.png in Resources */ = {isa = PBXBuildFile; fileRef = FCB366F916BA3BB7001A3E7E /* Default@2x.png */; };
		FCB3673516BA3BB8001A3E7E /* icon.png in Resources */ = {isa = PBXBuildFile; fileRef = FCB366FA16BA3BB7001A3E7E /* icon.png */; };
		FCB3673616BA3BB8001A3E7E /* icon@2x.png in Resources */ = {isa = PBXBuildFile; fileRef = FCB366FB16BA3BB7001A3E7E /* icon@2x.png */; };
		FCB3673716BA3BB8001A3E7E /* OwnerShip.png in Resources */ = {isa = PBXBuildFile; fileRef = FCB366FC16BA3BB7001A3E7E /* OwnerShip.png */; };
		FCB3673816BA3BB8001A3E7E /* MainList.m in Sources */ = {isa = PBXBuildFile; fileRef = FCB3670016BA3BB7001A3E7E /* MainList.m */; };
		FCB3673916BA3BB8001A3E7E /* MainViewController.m in Sources */ = {isa = PBXBuildFile; fileRef = FCB3670216BA3BB7001A3E7E /* MainViewController.m */; };
		FCB3673A16BA3BB8001A3E7E /* ToolCell.m in Sources */ = {isa = PBXBuildFile; fileRef = FCB3670416BA3BB7001A3E7E /* ToolCell.m */; };
		FCB3673B16BA3BB8001A3E7E /* UserInfoCell.m in Sources */ = {isa = PBXBuildFile; fileRef = FCB3670616BA3BB7001A3E7E /* UserInfoCell.m */; };
		FCB3673D16BA3D70001A3E7E /* libz.dylib in Frameworks */ = {isa = PBXBuildFile; fileRef = FCB3673C16BA3D70001A3E7E /* libz.dylib */; };
		FCB3674516BA3DC7001A3E7E /* IOKit.framework in Frameworks */ = {isa = PBXBuildFile; fileRef = FCB3674416BA3DC7001A3E7E /* IOKit.framework */; };
		FCB3674616BA3F07001A3E7E /* CFNetwork.framework in Frameworks */ = {isa = PBXBuildFile; fileRef = FCB3673E16BA3D7C001A3E7E /* CFNetwork.framework */; };
		FCB3674716BA3F5E001A3E7E /* SystemConfiguration.framework in Frameworks */ = {isa = PBXBuildFile; fileRef = FCB3674016BA3D85001A3E7E /* SystemConfiguration.framework */; };
		FCB3674816BA3F6C001A3E7E /* MobileCoreServices.framework in Frameworks */ = {isa = PBXBuildFile; fileRef = FCB3674216BA3D8D001A3E7E /* MobileCoreServices.framework */; };
/* End PBXBuildFile section */

/* Begin PBXContainerItemProxy section */
		FCB3667A16BA3A04001A3E7E /* PBXContainerItemProxy */ = {
			isa = PBXContainerItemProxy;
			containerPortal = FCB3664B16BA3A03001A3E7E /* Project object */;
			proxyType = 1;
			remoteGlobalIDString = FCB3665316BA3A04001A3E7E;
			remoteInfo = DonLy;
		};
/* End PBXContainerItemProxy section */

/* Begin PBXFileReference section */
		FC1C576D16BA49DB00D0F5B7 /* UIImageViewController.h */ = {isa = PBXFileReference; fileEncoding = 4; lastKnownFileType = sourcecode.c.h; path = UIImageViewController.h; sourceTree = "<group>"; };
		FC1C576E16BA49DB00D0F5B7 /* UIImageViewController.m */ = {isa = PBXFileReference; fileEncoding = 4; lastKnownFileType = sourcecode.c.objc; path = UIImageViewController.m; sourceTree = "<group>"; };
		FC1C578516BA4F0000D0F5B7 /* QuartzCore.framework */ = {isa = PBXFileReference; lastKnownFileType = wrapper.framework; name = QuartzCore.framework; path = System/Library/Frameworks/QuartzCore.framework; sourceTree = SDKROOT; };
		FC1C579C16BA843E00D0F5B7 /* FileUtil.h */ = {isa = PBXFileReference; fileEncoding = 4; lastKnownFileType = sourcecode.c.h; path = FileUtil.h; sourceTree = "<group>"; };
		FC1C579D16BA843E00D0F5B7 /* FileUtil.m */ = {isa = PBXFileReference; fileEncoding = 4; lastKnownFileType = sourcecode.c.objc; path = FileUtil.m; sourceTree = "<group>"; };
		FC35480316DF5C6A009BAA68 /* JSON.h */ = {isa = PBXFileReference; fileEncoding = 4; lastKnownFileType = sourcecode.c.h; path = JSON.h; sourceTree = "<group>"; };
		FC35480416DF5C6A009BAA68 /* NSObject+SBJson.h */ = {isa = PBXFileReference; fileEncoding = 4; lastKnownFileType = sourcecode.c.h; path = "NSObject+SBJson.h"; sourceTree = "<group>"; };
		FC35480516DF5C6A009BAA68 /* NSObject+SBJson.m */ = {isa = PBXFileReference; fileEncoding = 4; lastKnownFileType = sourcecode.c.objc; path = "NSObject+SBJson.m"; sourceTree = "<group>"; };
		FC35480616DF5C6A009BAA68 /* NSString+SBJSON.h */ = {isa = PBXFileReference; fileEncoding = 4; lastKnownFileType = sourcecode.c.h; path = "NSString+SBJSON.h"; sourceTree = "<group>"; };
		FC35480716DF5C6A009BAA68 /* NSString+SBJSON.m */ = {isa = PBXFileReference; fileEncoding = 4; lastKnownFileType = sourcecode.c.objc; path = "NSString+SBJSON.m"; sourceTree = "<group>"; };
		FC35480816DF5C6A009BAA68 /* SBJSON.h */ = {isa = PBXFileReference; fileEncoding = 4; lastKnownFileType = sourcecode.c.h; path = SBJSON.h; sourceTree = "<group>"; };
		FC35480916DF5C6A009BAA68 /* SBJSON.m */ = {isa = PBXFileReference; fileEncoding = 4; lastKnownFileType = sourcecode.c.objc; path = SBJSON.m; sourceTree = "<group>"; };
		FC35480A16DF5C6A009BAA68 /* SBJsonBase.h */ = {isa = PBXFileReference; fileEncoding = 4; lastKnownFileType = sourcecode.c.h; path = SBJsonBase.h; sourceTree = "<group>"; };
		FC35480B16DF5C6A009BAA68 /* SBJsonBase.m */ = {isa = PBXFileReference; fileEncoding = 4; lastKnownFileType = sourcecode.c.objc; path = SBJsonBase.m; sourceTree = "<group>"; };
		FC35480C16DF5C6A009BAA68 /* SBJsonParser.h */ = {isa = PBXFileReference; fileEncoding = 4; lastKnownFileType = sourcecode.c.h; path = SBJsonParser.h; sourceTree = "<group>"; };
		FC35480D16DF5C6A009BAA68 /* SBJsonParser.m */ = {isa = PBXFileReference; fileEncoding = 4; lastKnownFileType = sourcecode.c.objc; path = SBJsonParser.m; sourceTree = "<group>"; };
		FC35480E16DF5C6A009BAA68 /* SBJsonStreamParser.h */ = {isa = PBXFileReference; fileEncoding = 4; lastKnownFileType = sourcecode.c.h; path = SBJsonStreamParser.h; sourceTree = "<group>"; };
		FC35480F16DF5C6A009BAA68 /* SBJsonStreamParser.m */ = {isa = PBXFileReference; fileEncoding = 4; lastKnownFileType = sourcecode.c.objc; path = SBJsonStreamParser.m; sourceTree = "<group>"; };
		FC35481016DF5C6A009BAA68 /* SBJsonStreamParserAccumulator.h */ = {isa = PBXFileReference; fileEncoding = 4; lastKnownFileType = sourcecode.c.h; path = SBJsonStreamParserAccumulator.h; sourceTree = "<group>"; };
		FC35481116DF5C6A009BAA68 /* SBJsonStreamParserAccumulator.m */ = {isa = PBXFileReference; fileEncoding = 4; lastKnownFileType = sourcecode.c.objc; path = SBJsonStreamParserAccumulator.m; sourceTree = "<group>"; };
		FC35481216DF5C6A009BAA68 /* SBJsonStreamParserAdapter.h */ = {isa = PBXFileReference; fileEncoding = 4; lastKnownFileType = sourcecode.c.h; path = SBJsonStreamParserAdapter.h; sourceTree = "<group>"; };
		FC35481316DF5C6A009BAA68 /* SBJsonStreamParserAdapter.m */ = {isa = PBXFileReference; fileEncoding = 4; lastKnownFileType = sourcecode.c.objc; path = SBJsonStreamParserAdapter.m; sourceTree = "<group>"; };
		FC35481416DF5C6A009BAA68 /* SBJsonStreamParserState.h */ = {isa = PBXFileReference; fileEncoding = 4; lastKnownFileType = sourcecode.c.h; path = SBJsonStreamParserState.h; sourceTree = "<group>"; };
		FC35481516DF5C6A009BAA68 /* SBJsonStreamParserState.m */ = {isa = PBXFileReference; fileEncoding = 4; lastKnownFileType = sourcecode.c.objc; path = SBJsonStreamParserState.m; sourceTree = "<group>"; };
		FC35481616DF5C6A009BAA68 /* SBJsonStreamWriter.h */ = {isa = PBXFileReference; fileEncoding = 4; lastKnownFileType = sourcecode.c.h; path = SBJsonStreamWriter.h; sourceTree = "<group>"; };
		FC35481716DF5C6A009BAA68 /* SBJsonStreamWriter.m */ = {isa = PBXFileReference; fileEncoding = 4; lastKnownFileType = sourcecode.c.objc; path = SBJsonStreamWriter.m; sourceTree = "<group>"; };
		FC35481816DF5C6A009BAA68 /* SBJsonStreamWriterAccumulator.h */ = {isa = PBXFileReference; fileEncoding = 4; lastKnownFileType = sourcecode.c.h; path = SBJsonStreamWriterAccumulator.h; sourceTree = "<group>"; };
		FC35481916DF5C6A009BAA68 /* SBJsonStreamWriterAccumulator.m */ = {isa = PBXFileReference; fileEncoding = 4; lastKnownFileType = sourcecode.c.objc; path = SBJsonStreamWriterAccumulator.m; sourceTree = "<group>"; };
		FC35481A16DF5C6A009BAA68 /* SBJsonStreamWriterState.h */ = {isa = PBXFileReference; fileEncoding = 4; lastKnownFileType = sourcecode.c.h; path = SBJsonStreamWriterState.h; sourceTree = "<group>"; };
		FC35481B16DF5C6A009BAA68 /* SBJsonStreamWriterState.m */ = {isa = PBXFileReference; fileEncoding = 4; lastKnownFileType = sourcecode.c.objc; path = SBJsonStreamWriterState.m; sourceTree = "<group>"; };
		FC35481C16DF5C6A009BAA68 /* SBJsonTokeniser.h */ = {isa = PBXFileReference; fileEncoding = 4; lastKnownFileType = sourcecode.c.h; path = SBJsonTokeniser.h; sourceTree = "<group>"; };
		FC35481D16DF5C6A009BAA68 /* SBJsonTokeniser.m */ = {isa = PBXFileReference; fileEncoding = 4; lastKnownFileType = sourcecode.c.objc; path = SBJsonTokeniser.m; sourceTree = "<group>"; };
		FC35481E16DF5C6A009BAA68 /* SBJsonUTF8Stream.h */ = {isa = PBXFileReference; fileEncoding = 4; lastKnownFileType = sourcecode.c.h; path = SBJsonUTF8Stream.h; sourceTree = "<group>"; };
		FC35481F16DF5C6A009BAA68 /* SBJsonUTF8Stream.m */ = {isa = PBXFileReference; fileEncoding = 4; lastKnownFileType = sourcecode.c.objc; path = SBJsonUTF8Stream.m; sourceTree = "<group>"; };
		FC35482016DF5C6A009BAA68 /* SBJsonWriter.h */ = {isa = PBXFileReference; fileEncoding = 4; lastKnownFileType = sourcecode.c.h; path = SBJsonWriter.h; sourceTree = "<group>"; };
		FC35482116DF5C6A009BAA68 /* SBJsonWriter.m */ = {isa = PBXFileReference; fileEncoding = 4; lastKnownFileType = sourcecode.c.objc; path = SBJsonWriter.m; sourceTree = "<group>"; };
		FC35484C16DF5E76009BAA68 /* ParserEngine.h */ = {isa = PBXFileReference; fileEncoding = 4; lastKnownFileType = sourcecode.c.h; path = ParserEngine.h; sourceTree = "<group>"; };
		FC35484D16DF5F0B009BAA68 /* ParserWXH.h */ = {isa = PBXFileReference; fileEncoding = 4; lastKnownFileType = sourcecode.c.h; path = ParserWXH.h; sourceTree = "<group>"; };
		FC35484E16DF5F0B009BAA68 /* ParserWXH.m */ = {isa = PBXFileReference; fileEncoding = 4; lastKnownFileType = sourcecode.c.objc; path = ParserWXH.m; sourceTree = "<group>"; };
		FC35485016DF5FBC009BAA68 /* ParserYY.h */ = {isa = PBXFileReference; fileEncoding = 4; lastKnownFileType = sourcecode.c.h; path = ParserYY.h; sourceTree = "<group>"; };
		FC35485116DF5FBC009BAA68 /* ParserYY.m */ = {isa = PBXFileReference; fileEncoding = 4; lastKnownFileType = sourcecode.c.objc; path = ParserYY.m; sourceTree = "<group>"; };
		FC8EBDC916E060A40089C155 /* PageTemplate.h */ = {isa = PBXFileReference; fileEncoding = 4; lastKnownFileType = sourcecode.c.h; path = PageTemplate.h; sourceTree = "<group>"; };
		FC8EBDCA16E060A40089C155 /* PageTemplate.m */ = {isa = PBXFileReference; fileEncoding = 4; lastKnownFileType = sourcecode.c.objc; path = PageTemplate.m; sourceTree = "<group>"; };
		FC8EBDCC16E089580089C155 /* TemplateWXH.h */ = {isa = PBXFileReference; fileEncoding = 4; lastKnownFileType = sourcecode.c.h; path = TemplateWXH.h; sourceTree = "<group>"; };
		FC8EBDCD16E0988F0089C155 /* PagePool.h */ = {isa = PBXFileReference; fileEncoding = 4; lastKnownFileType = sourcecode.c.h; path = PagePool.h; sourceTree = "<group>"; };
		FC8EBDCE16E0988F0089C155 /* PagePool.m */ = {isa = PBXFileReference; fileEncoding = 4; lastKnownFileType = sourcecode.c.objc; path = PagePool.m; sourceTree = "<group>"; };
		FC8EBDD116E0B82C0089C155 /* PageNet.h */ = {isa = PBXFileReference; fileEncoding = 4; lastKnownFileType = sourcecode.c.h; path = PageNet.h; sourceTree = "<group>"; };
		FC8EBDD216E0B82C0089C155 /* PageNet.m */ = {isa = PBXFileReference; fileEncoding = 4; lastKnownFileType = sourcecode.c.objc; path = PageNet.m; sourceTree = "<group>"; };
		FCB3665416BA3A04001A3E7E /* DonLy.app */ = {isa = PBXFileReference; explicitFileType = wrapper.application; includeInIndex = 0; path = DonLy.app; sourceTree = BUILT_PRODUCTS_DIR; };
		FCB3665816BA3A04001A3E7E /* UIKit.framework */ = {isa = PBXFileReference; lastKnownFileType = wrapper.framework; name = UIKit.framework; path = System/Library/Frameworks/UIKit.framework; sourceTree = SDKROOT; };
		FCB3665A16BA3A04001A3E7E /* Foundation.framework */ = {isa = PBXFileReference; lastKnownFileType = wrapper.framework; name = Foundation.framework; path = System/Library/Frameworks/Foundation.framework; sourceTree = SDKROOT; };
		FCB3665C16BA3A04001A3E7E /* CoreGraphics.framework */ = {isa = PBXFileReference; lastKnownFileType = wrapper.framework; name = CoreGraphics.framework; path = System/Library/Frameworks/CoreGraphics.framework; sourceTree = SDKROOT; };
		FCB3666016BA3A04001A3E7E /* DonLy-Info.plist */ = {isa = PBXFileReference; lastKnownFileType = text.plist.xml; path = "DonLy-Info.plist"; sourceTree = "<group>"; };
		FCB3666216BA3A04001A3E7E /* en */ = {isa = PBXFileReference; lastKnownFileType = text.plist.strings; name = en; path = en.lproj/InfoPlist.strings; sourceTree = "<group>"; };
		FCB3666416BA3A04001A3E7E /* main.m */ = {isa = PBXFileReference; lastKnownFileType = sourcecode.c.objc; path = main.m; sourceTree = "<group>"; };
		FCB3666616BA3A04001A3E7E /* DonLy-Prefix.pch */ = {isa = PBXFileReference; lastKnownFileType = sourcecode.c.h; path = "DonLy-Prefix.pch"; sourceTree = "<group>"; };
		FCB3666716BA3A04001A3E7E /* AppDelegate.h */ = {isa = PBXFileReference; lastKnownFileType = sourcecode.c.h; path = AppDelegate.h; sourceTree = "<group>"; };
		FCB3666816BA3A04001A3E7E /* AppDelegate.m */ = {isa = PBXFileReference; lastKnownFileType = sourcecode.c.objc; path = AppDelegate.m; sourceTree = "<group>"; };
		FCB3667516BA3A04001A3E7E /* DonLyTests.octest */ = {isa = PBXFileReference; explicitFileType = wrapper.cfbundle; includeInIndex = 0; path = DonLyTests.octest; sourceTree = BUILT_PRODUCTS_DIR; };
		FCB3667616BA3A04001A3E7E /* SenTestingKit.framework */ = {isa = PBXFileReference; lastKnownFileType = wrapper.framework; name = SenTestingKit.framework; path = Library/Frameworks/SenTestingKit.framework; sourceTree = DEVELOPER_DIR; };
		FCB3669216BA3BB7001A3E7E /* ASIAuthenticationDialog.h */ = {isa = PBXFileReference; fileEncoding = 4; lastKnownFileType = sourcecode.c.h; path = ASIAuthenticationDialog.h; sourceTree = "<group>"; };
		FCB3669316BA3BB7001A3E7E /* ASIAuthenticationDialog.m */ = {isa = PBXFileReference; fileEncoding = 4; lastKnownFileType = sourcecode.c.objc; path = ASIAuthenticationDialog.m; sourceTree = "<group>"; };
		FCB3669416BA3BB7001A3E7E /* ASICacheDelegate.h */ = {isa = PBXFileReference; fileEncoding = 4; lastKnownFileType = sourcecode.c.h; path = ASICacheDelegate.h; sourceTree = "<group>"; };
		FCB3669516BA3BB7001A3E7E /* ASIDataCompressor.h */ = {isa = PBXFileReference; fileEncoding = 4; lastKnownFileType = sourcecode.c.h; path = ASIDataCompressor.h; sourceTree = "<group>"; };
		FCB3669616BA3BB7001A3E7E /* ASIDataCompressor.m */ = {isa = PBXFileReference; fileEncoding = 4; lastKnownFileType = sourcecode.c.objc; path = ASIDataCompressor.m; sourceTree = "<group>"; };
		FCB3669716BA3BB7001A3E7E /* ASIDataDecompressor.h */ = {isa = PBXFileReference; fileEncoding = 4; lastKnownFileType = sourcecode.c.h; path = ASIDataDecompressor.h; sourceTree = "<group>"; };
		FCB3669816BA3BB7001A3E7E /* ASIDataDecompressor.m */ = {isa = PBXFileReference; fileEncoding = 4; lastKnownFileType = sourcecode.c.objc; path = ASIDataDecompressor.m; sourceTree = "<group>"; };
		FCB3669916BA3BB7001A3E7E /* ASIDownloadCache.h */ = {isa = PBXFileReference; fileEncoding = 4; lastKnownFileType = sourcecode.c.h; path = ASIDownloadCache.h; sourceTree = "<group>"; };
		FCB3669A16BA3BB7001A3E7E /* ASIDownloadCache.m */ = {isa = PBXFileReference; fileEncoding = 4; lastKnownFileType = sourcecode.c.objc; path = ASIDownloadCache.m; sourceTree = "<group>"; };
		FCB3669B16BA3BB7001A3E7E /* ASIFormDataRequest.h */ = {isa = PBXFileReference; fileEncoding = 4; lastKnownFileType = sourcecode.c.h; path = ASIFormDataRequest.h; sourceTree = "<group>"; };
		FCB3669C16BA3BB7001A3E7E /* ASIFormDataRequest.m */ = {isa = PBXFileReference; fileEncoding = 4; lastKnownFileType = sourcecode.c.objc; path = ASIFormDataRequest.m; sourceTree = "<group>"; };
		FCB3669D16BA3BB7001A3E7E /* ASIHTTPRequest.h */ = {isa = PBXFileReference; fileEncoding = 4; lastKnownFileType = sourcecode.c.h; path = ASIHTTPRequest.h; sourceTree = "<group>"; };
		FCB3669E16BA3BB7001A3E7E /* ASIHTTPRequest.m */ = {isa = PBXFileReference; fileEncoding = 4; lastKnownFileType = sourcecode.c.objc; path = ASIHTTPRequest.m; sourceTree = "<group>"; };
		FCB3669F16BA3BB7001A3E7E /* ASIHTTPRequestConfig.h */ = {isa = PBXFileReference; fileEncoding = 4; lastKnownFileType = sourcecode.c.h; path = ASIHTTPRequestConfig.h; sourceTree = "<group>"; };
		FCB366A016BA3BB7001A3E7E /* ASIHTTPRequestDelegate.h */ = {isa = PBXFileReference; fileEncoding = 4; lastKnownFileType = sourcecode.c.h; path = ASIHTTPRequestDelegate.h; sourceTree = "<group>"; };
		FCB366A116BA3BB7001A3E7E /* ASIInputStream.h */ = {isa = PBXFileReference; fileEncoding = 4; lastKnownFileType = sourcecode.c.h; path = ASIInputStream.h; sourceTree = "<group>"; };
		FCB366A216BA3BB7001A3E7E /* ASIInputStream.m */ = {isa = PBXFileReference; fileEncoding = 4; lastKnownFileType = sourcecode.c.objc; path = ASIInputStream.m; sourceTree = "<group>"; };
		FCB366A316BA3BB7001A3E7E /* ASINetworkQueue.h */ = {isa = PBXFileReference; fileEncoding = 4; lastKnownFileType = sourcecode.c.h; path = ASINetworkQueue.h; sourceTree = "<group>"; };
		FCB366A416BA3BB7001A3E7E /* ASINetworkQueue.m */ = {isa = PBXFileReference; fileEncoding = 4; lastKnownFileType = sourcecode.c.objc; path = ASINetworkQueue.m; sourceTree = "<group>"; };
		FCB366A516BA3BB7001A3E7E /* ASIProgressDelegate.h */ = {isa = PBXFileReference; fileEncoding = 4; lastKnownFileType = sourcecode.c.h; path = ASIProgressDelegate.h; sourceTree = "<group>"; };
		FCB366A716BA3BB7001A3E7E /* ASIWebPageRequest.h */ = {isa = PBXFileReference; fileEncoding = 4; lastKnownFileType = sourcecode.c.h; path = ASIWebPageRequest.h; sourceTree = "<group>"; };
		FCB366A816BA3BB7001A3E7E /* ASIWebPageRequest.m */ = {isa = PBXFileReference; fileEncoding = 4; lastKnownFileType = sourcecode.c.objc; path = ASIWebPageRequest.m; sourceTree = "<group>"; };
		FCB366B916BA3BB7001A3E7E /* Reachability.h */ = {isa = PBXFileReference; fileEncoding = 4; lastKnownFileType = sourcecode.c.h; path = Reachability.h; sourceTree = "<group>"; };
		FCB366BA16BA3BB7001A3E7E /* Reachability.m */ = {isa = PBXFileReference; fileEncoding = 4; lastKnownFileType = sourcecode.c.objc; path = Reachability.m; sourceTree = "<group>"; };
		FCB366E816BA3BB7001A3E7E /* build.h */ = {isa = PBXFileReference; fileEncoding = 4; lastKnownFileType = sourcecode.c.h; path = build.h; sourceTree = "<group>"; };
		FCB366E916BA3BB7001A3E7E /* common.h */ = {isa = PBXFileReference; fileEncoding = 4; lastKnownFileType = sourcecode.c.h; path = common.h; sourceTree = "<group>"; };
		FCB366EA16BA3BB7001A3E7E /* log.h */ = {isa = PBXFileReference; fileEncoding = 4; lastKnownFileType = sourcecode.c.h; path = log.h; sourceTree = "<group>"; };
		FCB366EB16BA3BB7001A3E7E /* log.m */ = {isa = PBXFileReference; fileEncoding = 4; lastKnownFileType = sourcecode.c.objc; path = log.m; sourceTree = "<group>"; };
		FCB366ED16BA3BB7001A3E7E /* DeviceHardware.h */ = {isa = PBXFileReference; fileEncoding = 4; lastKnownFileType = sourcecode.c.h; path = DeviceHardware.h; sourceTree = "<group>"; };
		FCB366EE16BA3BB7001A3E7E /* DeviceHardware.m */ = {isa = PBXFileReference; fileEncoding = 4; lastKnownFileType = sourcecode.c.objc; path = DeviceHardware.m; sourceTree = "<group>"; };
		FCB366EF16BA3BB7001A3E7E /* StreamUtil.cpp */ = {isa = PBXFileReference; fileEncoding = 4; lastKnownFileType = sourcecode.cpp.cpp; path = StreamUtil.cpp; sourceTree = "<group>"; };
		FCB366F016BA3BB7001A3E7E /* StreamUtil.h */ = {isa = PBXFileReference; fileEncoding = 4; lastKnownFileType = sourcecode.c.h; path = StreamUtil.h; sourceTree = "<group>"; };
		FCB366F116BA3BB7001A3E7E /* UserInfoMgr.h */ = {isa = PBXFileReference; fileEncoding = 4; lastKnownFileType = sourcecode.c.h; path = UserInfoMgr.h; sourceTree = "<group>"; };
		FCB366F216BA3BB7001A3E7E /* UserInfoMgr.mm */ = {isa = PBXFileReference; fileEncoding = 4; lastKnownFileType = sourcecode.cpp.objcpp; path = UserInfoMgr.mm; sourceTree = "<group>"; };
		FCB366F716BA3BB7001A3E7E /* Default-568h@2x.png */ = {isa = PBXFileReference; lastKnownFileType = image.png; path = "Default-568h@2x.png"; sourceTree = "<group>"; };
		FCB366F816BA3BB7001A3E7E /* Default.png */ = {isa = PBXFileReference; lastKnownFileType = image.png; path = Default.png; sourceTree = "<group>"; };
		FCB366F916BA3BB7001A3E7E /* Default@2x.png */ = {isa = PBXFileReference; lastKnownFileType = image.png; path = "Default@2x.png"; sourceTree = "<group>"; };
		FCB366FA16BA3BB7001A3E7E /* icon.png */ = {isa = PBXFileReference; lastKnownFileType = image.png; path = icon.png; sourceTree = "<group>"; };
		FCB366FB16BA3BB7001A3E7E /* icon@2x.png */ = {isa = PBXFileReference; lastKnownFileType = image.png; path = "icon@2x.png"; sourceTree = "<group>"; };
		FCB366FC16BA3BB7001A3E7E /* OwnerShip.png */ = {isa = PBXFileReference; lastKnownFileType = image.png; path = OwnerShip.png; sourceTree = "<group>"; };
		FCB366FF16BA3BB7001A3E7E /* MainList.h */ = {isa = PBXFileReference; fileEncoding = 4; lastKnownFileType = sourcecode.c.h; path = MainList.h; sourceTree = "<group>"; };
		FCB3670016BA3BB7001A3E7E /* MainList.m */ = {isa = PBXFileReference; fileEncoding = 4; lastKnownFileType = sourcecode.c.objc; path = MainList.m; sourceTree = "<group>"; };
		FCB3670116BA3BB7001A3E7E /* MainViewController.h */ = {isa = PBXFileReference; fileEncoding = 4; lastKnownFileType = sourcecode.c.h; path = MainViewController.h; sourceTree = "<group>"; };
		FCB3670216BA3BB7001A3E7E /* MainViewController.m */ = {isa = PBXFileReference; fileEncoding = 4; lastKnownFileType = sourcecode.c.objc; path = MainViewController.m; sourceTree = "<group>"; };
		FCB3670316BA3BB7001A3E7E /* ToolCell.h */ = {isa = PBXFileReference; fileEncoding = 4; lastKnownFileType = sourcecode.c.h; path = ToolCell.h; sourceTree = "<group>"; };
		FCB3670416BA3BB7001A3E7E /* ToolCell.m */ = {isa = PBXFileReference; fileEncoding = 4; lastKnownFileType = sourcecode.c.objc; path = ToolCell.m; sourceTree = "<group>"; };
		FCB3670516BA3BB7001A3E7E /* UserInfoCell.h */ = {isa = PBXFileReference; fileEncoding = 4; lastKnownFileType = sourcecode.c.h; path = UserInfoCell.h; sourceTree = "<group>"; };
		FCB3670616BA3BB7001A3E7E /* UserInfoCell.m */ = {isa = PBXFileReference; fileEncoding = 4; lastKnownFileType = sourcecode.c.objc; path = UserInfoCell.m; sourceTree = "<group>"; };
		FCB3673C16BA3D70001A3E7E /* libz.dylib */ = {isa = PBXFileReference; lastKnownFileType = "compiled.mach-o.dylib"; name = libz.dylib; path = usr/lib/libz.dylib; sourceTree = SDKROOT; };
		FCB3673E16BA3D7C001A3E7E /* CFNetwork.framework */ = {isa = PBXFileReference; lastKnownFileType = wrapper.framework; name = CFNetwork.framework; path = System/Library/Frameworks/CFNetwork.framework; sourceTree = SDKROOT; };
		FCB3674016BA3D85001A3E7E /* SystemConfiguration.framework */ = {isa = PBXFileReference; lastKnownFileType = wrapper.framework; name = SystemConfiguration.framework; path = System/Library/Frameworks/SystemConfiguration.framework; sourceTree = SDKROOT; };
		FCB3674216BA3D8D001A3E7E /* MobileCoreServices.framework */ = {isa = PBXFileReference; lastKnownFileType = wrapper.framework; name = MobileCoreServices.framework; path = System/Library/Frameworks/MobileCoreServices.framework; sourceTree = SDKROOT; };
		FCB3674416BA3DC7001A3E7E /* IOKit.framework */ = {isa = PBXFileReference; lastKnownFileType = wrapper.framework; name = IOKit.framework; path = System/Library/Frameworks/IOKit.framework; sourceTree = SDKROOT; };
/* End PBXFileReference section */

/* Begin PBXFrameworksBuildPhase section */
		FCB3665116BA3A04001A3E7E /* Frameworks */ = {
			isa = PBXFrameworksBuildPhase;
			buildActionMask = 2147483647;
			files = (
				FC1C578616BA4F0000D0F5B7 /* QuartzCore.framework in Frameworks */,
				FCB3674816BA3F6C001A3E7E /* MobileCoreServices.framework in Frameworks */,
				FCB3674716BA3F5E001A3E7E /* SystemConfiguration.framework in Frameworks */,
				FCB3674616BA3F07001A3E7E /* CFNetwork.framework in Frameworks */,
				FCB3673D16BA3D70001A3E7E /* libz.dylib in Frameworks */,
				FCB3665916BA3A04001A3E7E /* UIKit.framework in Frameworks */,
				FCB3665B16BA3A04001A3E7E /* Foundation.framework in Frameworks */,
				FCB3665D16BA3A04001A3E7E /* CoreGraphics.framework in Frameworks */,
				FCB3674516BA3DC7001A3E7E /* IOKit.framework in Frameworks */,
			);
			runOnlyForDeploymentPostprocessing = 0;
		};
		FCB3667116BA3A04001A3E7E /* Frameworks */ = {
			isa = PBXFrameworksBuildPhase;
			buildActionMask = 2147483647;
			files = (
				FCB3667716BA3A04001A3E7E /* SenTestingKit.framework in Frameworks */,
				FCB3667816BA3A04001A3E7E /* UIKit.framework in Frameworks */,
				FCB3667916BA3A04001A3E7E /* Foundation.framework in Frameworks */,
			);
			runOnlyForDeploymentPostprocessing = 0;
		};
/* End PBXFrameworksBuildPhase section */

/* Begin PBXGroup section */
		FC1C576C16BA49DB00D0F5B7 /* Image */ = {
			isa = PBXGroup;
			children = (
				FC1C576D16BA49DB00D0F5B7 /* UIImageViewController.h */,
				FC1C576E16BA49DB00D0F5B7 /* UIImageViewController.m */,
			);
			path = Image;
			sourceTree = "<group>";
		};
		FC1C576F16BA49DB00D0F5B7 /* News */ = {
			isa = PBXGroup;
			children = (
			);
			path = News;
			sourceTree = "<group>";
		};
		FC3547FD16DF5C6A009BAA68 /* SBJson */ = {
			isa = PBXGroup;
			children = (
				FC35480216DF5C6A009BAA68 /* Classes */,
			);
			path = SBJson;
			sourceTree = "<group>";
		};
		FC35480216DF5C6A009BAA68 /* Classes */ = {
			isa = PBXGroup;
			children = (
				FC35480316DF5C6A009BAA68 /* JSON.h */,
				FC35480416DF5C6A009BAA68 /* NSObject+SBJson.h */,
				FC35480516DF5C6A009BAA68 /* NSObject+SBJson.m */,
				FC35480616DF5C6A009BAA68 /* NSString+SBJSON.h */,
				FC35480716DF5C6A009BAA68 /* NSString+SBJSON.m */,
				FC35480816DF5C6A009BAA68 /* SBJSON.h */,
				FC35480916DF5C6A009BAA68 /* SBJSON.m */,
				FC35480A16DF5C6A009BAA68 /* SBJsonBase.h */,
				FC35480B16DF5C6A009BAA68 /* SBJsonBase.m */,
				FC35480C16DF5C6A009BAA68 /* SBJsonParser.h */,
				FC35480D16DF5C6A009BAA68 /* SBJsonParser.m */,
				FC35480E16DF5C6A009BAA68 /* SBJsonStreamParser.h */,
				FC35480F16DF5C6A009BAA68 /* SBJsonStreamParser.m */,
				FC35481016DF5C6A009BAA68 /* SBJsonStreamParserAccumulator.h */,
				FC35481116DF5C6A009BAA68 /* SBJsonStreamParserAccumulator.m */,
				FC35481216DF5C6A009BAA68 /* SBJsonStreamParserAdapter.h */,
				FC35481316DF5C6A009BAA68 /* SBJsonStreamParserAdapter.m */,
				FC35481416DF5C6A009BAA68 /* SBJsonStreamParserState.h */,
				FC35481516DF5C6A009BAA68 /* SBJsonStreamParserState.m */,
				FC35481616DF5C6A009BAA68 /* SBJsonStreamWriter.h */,
				FC35481716DF5C6A009BAA68 /* SBJsonStreamWriter.m */,
				FC35481816DF5C6A009BAA68 /* SBJsonStreamWriterAccumulator.h */,
				FC35481916DF5C6A009BAA68 /* SBJsonStreamWriterAccumulator.m */,
				FC35481A16DF5C6A009BAA68 /* SBJsonStreamWriterState.h */,
				FC35481B16DF5C6A009BAA68 /* SBJsonStreamWriterState.m */,
				FC35481C16DF5C6A009BAA68 /* SBJsonTokeniser.h */,
				FC35481D16DF5C6A009BAA68 /* SBJsonTokeniser.m */,
				FC35481E16DF5C6A009BAA68 /* SBJsonUTF8Stream.h */,
				FC35481F16DF5C6A009BAA68 /* SBJsonUTF8Stream.m */,
				FC35482016DF5C6A009BAA68 /* SBJsonWriter.h */,
				FC35482116DF5C6A009BAA68 /* SBJsonWriter.m */,
			);
			path = Classes;
			sourceTree = "<group>";
		};
		FC35484A16DF5E76009BAA68 /* engine */ = {
			isa = PBXGroup;
			children = (
				FC8EBDD016E0B7EE0089C155 /* Network */,
				FC8EBDC816E060A40089C155 /* Page */,
				FC35484B16DF5E76009BAA68 /* Parser */,
				FC8EBDCD16E0988F0089C155 /* PagePool.h */,
				FC8EBDCE16E0988F0089C155 /* PagePool.m */,
			);
			path = engine;
			sourceTree = "<group>";
		};
		FC35484B16DF5E76009BAA68 /* Parser */ = {
			isa = PBXGroup;
			children = (
				FC35484C16DF5E76009BAA68 /* ParserEngine.h */,
				FC35484D16DF5F0B009BAA68 /* ParserWXH.h */,
				FC35484E16DF5F0B009BAA68 /* ParserWXH.m */,
				FC35485016DF5FBC009BAA68 /* ParserYY.h */,
				FC35485116DF5FBC009BAA68 /* ParserYY.m */,
			);
			path = Parser;
			sourceTree = "<group>";
		};
		FC8EBDC816E060A40089C155 /* Page */ = {
			isa = PBXGroup;
			children = (
				FC8EBDCC16E089580089C155 /* TemplateWXH.h */,
				FC8EBDC916E060A40089C155 /* PageTemplate.h */,
				FC8EBDCA16E060A40089C155 /* PageTemplate.m */,
			);
			path = Page;
			sourceTree = "<group>";
		};
		FC8EBDD016E0B7EE0089C155 /* Network */ = {
			isa = PBXGroup;
			children = (
				FC8EBDD116E0B82C0089C155 /* PageNet.h */,
				FC8EBDD216E0B82C0089C155 /* PageNet.m */,
			);
			path = Network;
			sourceTree = "<group>";
		};
		FCB3664916BA3A03001A3E7E = {
			isa = PBXGroup;
			children = (
				FCB3665E16BA3A04001A3E7E /* DonLy */,
				FCB3665716BA3A04001A3E7E /* Frameworks */,
				FCB3665516BA3A04001A3E7E /* Products */,
			);
			sourceTree = "<group>";
		};
		FCB3665516BA3A04001A3E7E /* Products */ = {
			isa = PBXGroup;
			children = (
				FCB3665416BA3A04001A3E7E /* DonLy.app */,
				FCB3667516BA3A04001A3E7E /* DonLyTests.octest */,
			);
			name = Products;
			sourceTree = "<group>";
		};
		FCB3665716BA3A04001A3E7E /* Frameworks */ = {
			isa = PBXGroup;
			children = (
				FCB3673E16BA3D7C001A3E7E /* CFNetwork.framework */,
				FCB3665C16BA3A04001A3E7E /* CoreGraphics.framework */,
				FCB3665A16BA3A04001A3E7E /* Foundation.framework */,
				FCB3674416BA3DC7001A3E7E /* IOKit.framework */,
				FCB3673C16BA3D70001A3E7E /* libz.dylib */,
				FCB3674216BA3D8D001A3E7E /* MobileCoreServices.framework */,
				FC1C578516BA4F0000D0F5B7 /* QuartzCore.framework */,
				FCB3667616BA3A04001A3E7E /* SenTestingKit.framework */,
				FCB3674016BA3D85001A3E7E /* SystemConfiguration.framework */,
				FCB3665816BA3A04001A3E7E /* UIKit.framework */,
			);
			name = Frameworks;
			sourceTree = "<group>";
		};
		FCB3665E16BA3A04001A3E7E /* DonLy */ = {
			isa = PBXGroup;
			children = (
				FC35484A16DF5E76009BAA68 /* engine */,
				FC3547FD16DF5C6A009BAA68 /* SBJson */,
				FCB3666716BA3A04001A3E7E /* AppDelegate.h */,
				FCB3666816BA3A04001A3E7E /* AppDelegate.m */,
				FCB3669116BA3BB7001A3E7E /* ASIHTTPRequest */,
				FCB366E716BA3BB7001A3E7E /* common */,
				FCB366EC16BA3BB7001A3E7E /* Core */,
				FCB366F616BA3BB7001A3E7E /* Resource */,
				FCB3665F16BA3A04001A3E7E /* Supporting Files */,
				FCB366FD16BA3BB7001A3E7E /* UI */,
			);
			path = DonLy;
			sourceTree = "<group>";
		};
		FCB3665F16BA3A04001A3E7E /* Supporting Files */ = {
			isa = PBXGroup;
			children = (
				FCB3666016BA3A04001A3E7E /* DonLy-Info.plist */,
				FCB3666116BA3A04001A3E7E /* InfoPlist.strings */,
				FCB3666416BA3A04001A3E7E /* main.m */,
				FCB3666616BA3A04001A3E7E /* DonLy-Prefix.pch */,
			);
			name = "Supporting Files";
			sourceTree = "<group>";
		};
		FCB3669116BA3BB7001A3E7E /* ASIHTTPRequest */ = {
			isa = PBXGroup;
			children = (
				FCB3669216BA3BB7001A3E7E /* ASIAuthenticationDialog.h */,
				FCB3669316BA3BB7001A3E7E /* ASIAuthenticationDialog.m */,
				FCB3669416BA3BB7001A3E7E /* ASICacheDelegate.h */,
				FCB3669516BA3BB7001A3E7E /* ASIDataCompressor.h */,
				FCB3669616BA3BB7001A3E7E /* ASIDataCompressor.m */,
				FCB3669716BA3BB7001A3E7E /* ASIDataDecompressor.h */,
				FCB3669816BA3BB7001A3E7E /* ASIDataDecompressor.m */,
				FCB3669916BA3BB7001A3E7E /* ASIDownloadCache.h */,
				FCB3669A16BA3BB7001A3E7E /* ASIDownloadCache.m */,
				FCB3669B16BA3BB7001A3E7E /* ASIFormDataRequest.h */,
				FCB3669C16BA3BB7001A3E7E /* ASIFormDataRequest.m */,
				FCB3669D16BA3BB7001A3E7E /* ASIHTTPRequest.h */,
				FCB3669E16BA3BB7001A3E7E /* ASIHTTPRequest.m */,
				FCB3669F16BA3BB7001A3E7E /* ASIHTTPRequestConfig.h */,
				FCB366A016BA3BB7001A3E7E /* ASIHTTPRequestDelegate.h */,
				FCB366A116BA3BB7001A3E7E /* ASIInputStream.h */,
				FCB366A216BA3BB7001A3E7E /* ASIInputStream.m */,
				FCB366A316BA3BB7001A3E7E /* ASINetworkQueue.h */,
				FCB366A416BA3BB7001A3E7E /* ASINetworkQueue.m */,
				FCB366A516BA3BB7001A3E7E /* ASIProgressDelegate.h */,
				FCB366A616BA3BB7001A3E7E /* ASIWebPageRequest */,
				FCB366B816BA3BB7001A3E7E /* Reachability */,
			);
			path = ASIHTTPRequest;
			sourceTree = "<group>";
		};
		FCB366A616BA3BB7001A3E7E /* ASIWebPageRequest */ = {
			isa = PBXGroup;
			children = (
				FCB366A716BA3BB7001A3E7E /* ASIWebPageRequest.h */,
				FCB366A816BA3BB7001A3E7E /* ASIWebPageRequest.m */,
			);
			path = ASIWebPageRequest;
			sourceTree = "<group>";
		};
		FCB366B816BA3BB7001A3E7E /* Reachability */ = {
			isa = PBXGroup;
			children = (
				FCB366B916BA3BB7001A3E7E /* Reachability.h */,
				FCB366BA16BA3BB7001A3E7E /* Reachability.m */,
			);
			path = Reachability;
			sourceTree = "<group>";
		};
		FCB366E716BA3BB7001A3E7E /* common */ = {
			isa = PBXGroup;
			children = (
				FCB366E816BA3BB7001A3E7E /* build.h */,
				FCB366E916BA3BB7001A3E7E /* common.h */,
				FCB366EA16BA3BB7001A3E7E /* log.h */,
				FCB366EB16BA3BB7001A3E7E /* log.m */,
			);
			path = common;
			sourceTree = "<group>";
		};
		FCB366EC16BA3BB7001A3E7E /* Core */ = {
			isa = PBXGroup;
			children = (
				FC1C579C16BA843E00D0F5B7 /* FileUtil.h */,
				FC1C579D16BA843E00D0F5B7 /* FileUtil.m */,
				FCB366ED16BA3BB7001A3E7E /* DeviceHardware.h */,
				FCB366EE16BA3BB7001A3E7E /* DeviceHardware.m */,
				FCB366EF16BA3BB7001A3E7E /* StreamUtil.cpp */,
				FCB366F016BA3BB7001A3E7E /* StreamUtil.h */,
				FCB366F116BA3BB7001A3E7E /* UserInfoMgr.h */,
				FCB366F216BA3BB7001A3E7E /* UserInfoMgr.mm */,
			);
			path = Core;
			sourceTree = "<group>";
		};
		FCB366F616BA3BB7001A3E7E /* Resource */ = {
			isa = PBXGroup;
			children = (
				FCB366F716BA3BB7001A3E7E /* Default-568h@2x.png */,
				FCB366F816BA3BB7001A3E7E /* Default.png */,
				FCB366F916BA3BB7001A3E7E /* Default@2x.png */,
				FCB366FA16BA3BB7001A3E7E /* icon.png */,
				FCB366FB16BA3BB7001A3E7E /* icon@2x.png */,
				FCB366FC16BA3BB7001A3E7E /* OwnerShip.png */,
			);
			path = Resource;
			sourceTree = "<group>";
		};
		FCB366FD16BA3BB7001A3E7E /* UI */ = {
			isa = PBXGroup;
			children = (
				FC1C576C16BA49DB00D0F5B7 /* Image */,
				FC1C576F16BA49DB00D0F5B7 /* News */,
				FCB366FE16BA3BB7001A3E7E /* Main */,
			);
			path = UI;
			sourceTree = "<group>";
		};
		FCB366FE16BA3BB7001A3E7E /* Main */ = {
			isa = PBXGroup;
			children = (
				FCB366FF16BA3BB7001A3E7E /* MainList.h */,
				FCB3670016BA3BB7001A3E7E /* MainList.m */,
				FCB3670116BA3BB7001A3E7E /* MainViewController.h */,
				FCB3670216BA3BB7001A3E7E /* MainViewController.m */,
				FCB3670316BA3BB7001A3E7E /* ToolCell.h */,
				FCB3670416BA3BB7001A3E7E /* ToolCell.m */,
				FCB3670516BA3BB7001A3E7E /* UserInfoCell.h */,
				FCB3670616BA3BB7001A3E7E /* UserInfoCell.m */,
			);
			name = Main;
			path = main;
			sourceTree = "<group>";
		};
/* End PBXGroup section */

/* Begin PBXNativeTarget section */
		FCB3665316BA3A04001A3E7E /* DonLy */ = {
			isa = PBXNativeTarget;
			buildConfigurationList = FCB3668716BA3A04001A3E7E /* Build configuration list for PBXNativeTarget "DonLy" */;
			buildPhases = (
				FCB3665016BA3A04001A3E7E /* Sources */,
				FCB3665116BA3A04001A3E7E /* Frameworks */,
				FCB3665216BA3A04001A3E7E /* Resources */,
			);
			buildRules = (
			);
			dependencies = (
			);
			name = DonLy;
			productName = DonLy;
			productReference = FCB3665416BA3A04001A3E7E /* DonLy.app */;
			productType = "com.apple.product-type.application";
		};
		FCB3667416BA3A04001A3E7E /* DonLyTests */ = {
			isa = PBXNativeTarget;
			buildConfigurationList = FCB3668A16BA3A04001A3E7E /* Build configuration list for PBXNativeTarget "DonLyTests" */;
			buildPhases = (
				FCB3667016BA3A04001A3E7E /* Sources */,
				FCB3667116BA3A04001A3E7E /* Frameworks */,
				FCB3667216BA3A04001A3E7E /* Resources */,
				FCB3667316BA3A04001A3E7E /* ShellScript */,
			);
			buildRules = (
			);
			dependencies = (
				FCB3667B16BA3A04001A3E7E /* PBXTargetDependency */,
			);
			name = DonLyTests;
			productName = DonLyTests;
			productReference = FCB3667516BA3A04001A3E7E /* DonLyTests.octest */;
			productType = "com.apple.product-type.bundle";
		};
/* End PBXNativeTarget section */

/* Begin PBXProject section */
		FCB3664B16BA3A03001A3E7E /* Project object */ = {
			isa = PBXProject;
			attributes = {
				LastUpgradeCheck = 0450;
				ORGANIZATIONNAME = "chen dianbo";
			};
			buildConfigurationList = FCB3664E16BA3A03001A3E7E /* Build configuration list for PBXProject "DonLy" */;
			compatibilityVersion = "Xcode 3.2";
			developmentRegion = English;
			hasScannedForEncodings = 0;
			knownRegions = (
				en,
			);
			mainGroup = FCB3664916BA3A03001A3E7E;
			productRefGroup = FCB3665516BA3A04001A3E7E /* Products */;
			projectDirPath = "";
			projectRoot = "";
			targets = (
				FCB3665316BA3A04001A3E7E /* DonLy */,
				FCB3667416BA3A04001A3E7E /* DonLyTests */,
			);
		};
/* End PBXProject section */

/* Begin PBXResourcesBuildPhase section */
		FCB3665216BA3A04001A3E7E /* Resources */ = {
			isa = PBXResourcesBuildPhase;
			buildActionMask = 2147483647;
			files = (
				FCB3666316BA3A04001A3E7E /* InfoPlist.strings in Resources */,
				FCB3673216BA3BB8001A3E7E /* Default-568h@2x.png in Resources */,
				FCB3673316BA3BB8001A3E7E /* Default.png in Resources */,
				FCB3673416BA3BB8001A3E7E /* Default@2x.png in Resources */,
				FCB3673516BA3BB8001A3E7E /* icon.png in Resources */,
				FCB3673616BA3BB8001A3E7E /* icon@2x.png in Resources */,
				FCB3673716BA3BB8001A3E7E /* OwnerShip.png in Resources */,
			);
			runOnlyForDeploymentPostprocessing = 0;
		};
		FCB3667216BA3A04001A3E7E /* Resources */ = {
			isa = PBXResourcesBuildPhase;
			buildActionMask = 2147483647;
			files = (
			);
			runOnlyForDeploymentPostprocessing = 0;
		};
/* End PBXResourcesBuildPhase section */

/* Begin PBXShellScriptBuildPhase section */
		FCB3667316BA3A04001A3E7E /* ShellScript */ = {
			isa = PBXShellScriptBuildPhase;
			buildActionMask = 2147483647;
			files = (
			);
			inputPaths = (
			);
			outputPaths = (
			);
			runOnlyForDeploymentPostprocessing = 0;
			shellPath = /bin/sh;
			shellScript = "# Run the unit tests in this test bundle.\n\"${SYSTEM_DEVELOPER_DIR}/Tools/RunUnitTests\"\n";
		};
/* End PBXShellScriptBuildPhase section */

/* Begin PBXSourcesBuildPhase section */
		FCB3665016BA3A04001A3E7E /* Sources */ = {
			isa = PBXSourcesBuildPhase;
			buildActionMask = 2147483647;
			files = (
				FCB3666516BA3A04001A3E7E /* main.m in Sources */,
				FCB3666916BA3A04001A3E7E /* AppDelegate.m in Sources */,
				FCB3670716BA3BB8001A3E7E /* ASIAuthenticationDialog.m in Sources */,
				FCB3670816BA3BB8001A3E7E /* ASIDataCompressor.m in Sources */,
				FCB3670916BA3BB8001A3E7E /* ASIDataDecompressor.m in Sources */,
				FCB3670A16BA3BB8001A3E7E /* ASIDownloadCache.m in Sources */,
				FCB3670B16BA3BB8001A3E7E /* ASIFormDataRequest.m in Sources */,
				FCB3670C16BA3BB8001A3E7E /* ASIHTTPRequest.m in Sources */,
				FCB3670D16BA3BB8001A3E7E /* ASIInputStream.m in Sources */,
				FCB3670E16BA3BB8001A3E7E /* ASINetworkQueue.m in Sources */,
				FCB3670F16BA3BB8001A3E7E /* ASIWebPageRequest.m in Sources */,
				FCB3671716BA3BB8001A3E7E /* Reachability.m in Sources */,
				FCB3672D16BA3BB8001A3E7E /* log.m in Sources */,
				FCB3672E16BA3BB8001A3E7E /* DeviceHardware.m in Sources */,
				FCB3672F16BA3BB8001A3E7E /* StreamUtil.cpp in Sources */,
				FCB3673016BA3BB8001A3E7E /* UserInfoMgr.mm in Sources */,
				FCB3673816BA3BB8001A3E7E /* MainList.m in Sources */,
				FCB3673916BA3BB8001A3E7E /* MainViewController.m in Sources */,
				FCB3673A16BA3BB8001A3E7E /* ToolCell.m in Sources */,
				FCB3673B16BA3BB8001A3E7E /* UserInfoCell.m in Sources */,
				FC1C577016BA49DB00D0F5B7 /* UIImageViewController.m in Sources */,
				FC1C579E16BA843E00D0F5B7 /* FileUtil.m in Sources */,
				FC35483216DF5C6A009BAA68 /* NSObject+SBJson.m in Sources */,
				FC35483316DF5C6A009BAA68 /* NSString+SBJSON.m in Sources */,
				FC35483416DF5C6A009BAA68 /* SBJSON.m in Sources */,
				FC35483516DF5C6A009BAA68 /* SBJsonBase.m in Sources */,
				FC35483616DF5C6A009BAA68 /* SBJsonParser.m in Sources */,
				FC35483716DF5C6A009BAA68 /* SBJsonStreamParser.m in Sources */,
				FC35483816DF5C6A009BAA68 /* SBJsonStreamParserAccumulator.m in Sources */,
				FC35483916DF5C6A009BAA68 /* SBJsonStreamParserAdapter.m in Sources */,
				FC35483A16DF5C6A009BAA68 /* SBJsonStreamParserState.m in Sources */,
				FC35483B16DF5C6A009BAA68 /* SBJsonStreamWriter.m in Sources */,
				FC35483C16DF5C6A009BAA68 /* SBJsonStreamWriterAccumulator.m in Sources */,
				FC35483D16DF5C6A009BAA68 /* SBJsonStreamWriterState.m in Sources */,
				FC35483E16DF5C6A009BAA68 /* SBJsonTokeniser.m in Sources */,
				FC35483F16DF5C6A009BAA68 /* SBJsonUTF8Stream.m in Sources */,
				FC35484016DF5C6A009BAA68 /* SBJsonWriter.m in Sources */,
				FC35484F16DF5F0B009BAA68 /* ParserWXH.m in Sources */,
				FC35485216DF5FBC009BAA68 /* ParserYY.m in Sources */,
				FC8EBDCB16E060A40089C155 /* PageTemplate.m in Sources */,
				FC8EBDCF16E0988F0089C155 /* PagePool.m in Sources */,
				FC8EBDD316E0B82C0089C155 /* PageNet.m in Sources */,
			);
			runOnlyForDeploymentPostprocessing = 0;
		};
		FCB3667016BA3A04001A3E7E /* Sources */ = {
			isa = PBXSourcesBuildPhase;
			buildActionMask = 2147483647;
			files = (
			);
			runOnlyForDeploymentPostprocessing = 0;
		};
/* End PBXSourcesBuildPhase section */

/* Begin PBXTargetDependency section */
		FCB3667B16BA3A04001A3E7E /* PBXTargetDependency */ = {
			isa = PBXTargetDependency;
			target = FCB3665316BA3A04001A3E7E /* DonLy */;
			targetProxy = FCB3667A16BA3A04001A3E7E /* PBXContainerItemProxy */;
		};
/* End PBXTargetDependency section */

/* Begin PBXVariantGroup section */
		FCB3666116BA3A04001A3E7E /* InfoPlist.strings */ = {
			isa = PBXVariantGroup;
			children = (
				FCB3666216BA3A04001A3E7E /* en */,
			);
			name = InfoPlist.strings;
			sourceTree = "<group>";
		};
/* End PBXVariantGroup section */

/* Begin XCBuildConfiguration section */
		FCB3668516BA3A04001A3E7E /* Debug */ = {
			isa = XCBuildConfiguration;
			buildSettings = {
				ALWAYS_SEARCH_USER_PATHS = NO;
				CLANG_CXX_LANGUAGE_STANDARD = "gnu++0x";
				CLANG_CXX_LIBRARY = "libc++";
				CLANG_ENABLE_OBJC_ARC = NO;
				CLANG_WARN_EMPTY_BODY = YES;
				CLANG_WARN__DUPLICATE_METHOD_MATCH = YES;
				"CODE_SIGN_IDENTITY[sdk=iphoneos*]" = "iPhone Developer";
				COPY_PHASE_STRIP = NO;
				GCC_C_LANGUAGE_STANDARD = gnu99;
				GCC_DYNAMIC_NO_PIC = NO;
				GCC_OPTIMIZATION_LEVEL = 0;
				GCC_PREPROCESSOR_DEFINITIONS = (
					"DEBUG=1",
					"$(inherited)",
				);
				GCC_SYMBOLS_PRIVATE_EXTERN = NO;
				GCC_WARN_ABOUT_RETURN_TYPE = YES;
				GCC_WARN_UNINITIALIZED_AUTOS = YES;
				GCC_WARN_UNUSED_VARIABLE = YES;
				IPHONEOS_DEPLOYMENT_TARGET = 6.0;
				ONLY_ACTIVE_ARCH = YES;
				OTHER_LDFLAGS = "-lxml2";
				SDKROOT = iphoneos;
				TARGETED_DEVICE_FAMILY = "1,2";
			};
			name = Debug;
		};
		FCB3668616BA3A04001A3E7E /* Release */ = {
			isa = XCBuildConfiguration;
			buildSettings = {
				ALWAYS_SEARCH_USER_PATHS = NO;
				CLANG_CXX_LANGUAGE_STANDARD = "gnu++0x";
				CLANG_CXX_LIBRARY = "libc++";
				CLANG_ENABLE_OBJC_ARC = NO;
				CLANG_WARN_EMPTY_BODY = YES;
				CLANG_WARN__DUPLICATE_METHOD_MATCH = YES;
				"CODE_SIGN_IDENTITY[sdk=iphoneos*]" = "iPhone Developer";
				COPY_PHASE_STRIP = YES;
				GCC_C_LANGUAGE_STANDARD = gnu99;
				GCC_WARN_ABOUT_RETURN_TYPE = YES;
				GCC_WARN_UNINITIALIZED_AUTOS = YES;
				GCC_WARN_UNUSED_VARIABLE = YES;
				IPHONEOS_DEPLOYMENT_TARGET = 6.0;
				OTHER_CFLAGS = "-DNS_BLOCK_ASSERTIONS=1";
				OTHER_LDFLAGS = "-lxml2";
				SDKROOT = iphoneos;
				TARGETED_DEVICE_FAMILY = "1,2";
				VALIDATE_PRODUCT = YES;
			};
			name = Release;
		};
		FCB3668816BA3A04001A3E7E /* Debug */ = {
			isa = XCBuildConfiguration;
			buildSettings = {
				GCC_PRECOMPILE_PREFIX_HEADER = YES;
				GCC_PREFIX_HEADER = "DonLy/DonLy-Prefix.pch";
				HEADER_SEARCH_PATHS = "${SDK_DIR}/usr/include/libxml2";
				INFOPLIST_FILE = "DonLy/DonLy-Info.plist";
				PRODUCT_NAME = "$(TARGET_NAME)";
				WRAPPER_EXTENSION = app;
			};
			name = Debug;
		};
		FCB3668916BA3A04001A3E7E /* Release */ = {
			isa = XCBuildConfiguration;
			buildSettings = {
				GCC_PRECOMPILE_PREFIX_HEADER = YES;
				GCC_PREFIX_HEADER = "DonLy/DonLy-Prefix.pch";
				HEADER_SEARCH_PATHS = "${SDK_DIR}/usr/include/libxml2";
				INFOPLIST_FILE = "DonLy/DonLy-Info.plist";
				PRODUCT_NAME = "$(TARGET_NAME)";
				WRAPPER_EXTENSION = app;
			};
			name = Release;
		};
		FCB3668B16BA3A04001A3E7E /* Debug */ = {
			isa = XCBuildConfiguration;
			buildSettings = {
				BUNDLE_LOADER = "$(BUILT_PRODUCTS_DIR)/DonLy.app/DonLy";
				FRAMEWORK_SEARCH_PATHS = (
					"\"$(SDKROOT)/Developer/Library/Frameworks\"",
					"\"$(DEVELOPER_LIBRARY_DIR)/Frameworks\"",
				);
				GCC_PRECOMPILE_PREFIX_HEADER = YES;
				GCC_PREFIX_HEADER = "DonLy/DonLy-Prefix.pch";
				INFOPLIST_FILE = "DonLyTests/DonLyTests-Info.plist";
				PRODUCT_NAME = "$(TARGET_NAME)";
				TEST_HOST = "$(BUNDLE_LOADER)";
				WRAPPER_EXTENSION = octest;
			};
			name = Debug;
		};
		FCB3668C16BA3A04001A3E7E /* Release */ = {
			isa = XCBuildConfiguration;
			buildSettings = {
				BUNDLE_LOADER = "$(BUILT_PRODUCTS_DIR)/DonLy.app/DonLy";
				FRAMEWORK_SEARCH_PATHS = (
					"\"$(SDKROOT)/Developer/Library/Frameworks\"",
					"\"$(DEVELOPER_LIBRARY_DIR)/Frameworks\"",
				);
				GCC_PRECOMPILE_PREFIX_HEADER = YES;
				GCC_PREFIX_HEADER = "DonLy/DonLy-Prefix.pch";
				INFOPLIST_FILE = "DonLyTests/DonLyTests-Info.plist";
				PRODUCT_NAME = "$(TARGET_NAME)";
				TEST_HOST = "$(BUNDLE_LOADER)";
				WRAPPER_EXTENSION = octest;
			};
			name = Release;
		};
/* End XCBuildConfiguration section */

/* Begin XCConfigurationList section */
		FCB3664E16BA3A03001A3E7E /* Build configuration list for PBXProject "DonLy" */ = {
			isa = XCConfigurationList;
			buildConfigurations = (
				FCB3668516BA3A04001A3E7E /* Debug */,
				FCB3668616BA3A04001A3E7E /* Release */,
			);
			defaultConfigurationIsVisible = 0;
			defaultConfigurationName = Release;
		};
		FCB3668716BA3A04001A3E7E /* Build configuration list for PBXNativeTarget "DonLy" */ = {
			isa = XCConfigurationList;
			buildConfigurations = (
				FCB3668816BA3A04001A3E7E /* Debug */,
				FCB3668916BA3A04001A3E7E /* Release */,
			);
			defaultConfigurationIsVisible = 0;
			defaultConfigurationName = Release;
		};
		FCB3668A16BA3A04001A3E7E /* Build configuration list for PBXNativeTarget "DonLyTests" */ = {
			isa = XCConfigurationList;
			buildConfigurations = (
				FCB3668B16BA3A04001A3E7E /* Debug */,
				FCB3668C16BA3A04001A3E7E /* Release */,
			);
			defaultConfigurationIsVisible = 0;
			defaultConfigurationName = Release;
		};
/* End XCConfigurationList section */
	};
	rootObject = FCB3664B16BA3A03001A3E7E /* Project object */;
}
